// !$*UTF8*$!
{
	archiveVersion = 1;
	classes = {
	};
	objectVersion = 48;
	objects = {

/* Begin PBXBuildFile section */
		D5710D791F73CE95003181BE /* AppDelegate.swift in Sources */ = {isa = PBXBuildFile; fileRef = D5710D781F73CE95003181BE /* AppDelegate.swift */; };
		D5710D7B1F73CE95003181BE /* ViewController.swift in Sources */ = {isa = PBXBuildFile; fileRef = D5710D7A1F73CE95003181BE /* ViewController.swift */; };
		D5710D7E1F73CE95003181BE /* Main.storyboard in Resources */ = {isa = PBXBuildFile; fileRef = D5710D7C1F73CE95003181BE /* Main.storyboard */; };
		D5710D801F73CE95003181BE /* Assets.xcassets in Resources */ = {isa = PBXBuildFile; fileRef = D5710D7F1F73CE95003181BE /* Assets.xcassets */; };
		D5710D831F73CE95003181BE /* LaunchScreen.storyboard in Resources */ = {isa = PBXBuildFile; fileRef = D5710D811F73CE95003181BE /* LaunchScreen.storyboard */; };
		D5710D8E1F73CE95003181BE /* World_TrackingTests.swift in Sources */ = {isa = PBXBuildFile; fileRef = D5710D8D1F73CE95003181BE /* World_TrackingTests.swift */; };
		D5710D991F73CE95003181BE /* World_TrackingUITests.swift in Sources */ = {isa = PBXBuildFile; fileRef = D5710D981F73CE95003181BE /* World_TrackingUITests.swift */; };
/* End PBXBuildFile section */

/* Begin PBXContainerItemProxy section */
		D5710D8A1F73CE95003181BE /* PBXContainerItemProxy */ = {
			isa = PBXContainerItemProxy;
			containerPortal = D5710D6D1F73CE95003181BE /* Project object */;
			proxyType = 1;
			remoteGlobalIDString = D5710D741F73CE95003181BE;
			remoteInfo = "World Tracking";
		};
		D5710D951F73CE95003181BE /* PBXContainerItemProxy */ = {
			isa = PBXContainerItemProxy;
			containerPortal = D5710D6D1F73CE95003181BE /* Project object */;
			proxyType = 1;
			remoteGlobalIDString = D5710D741F73CE95003181BE;
			remoteInfo = "World Tracking";
		};
/* End PBXContainerItemProxy section */

/* Begin PBXFileReference section */
		D5710D751F73CE95003181BE /* World Tracking.app */ = {isa = PBXFileReference; explicitFileType = wrapper.application; includeInIndex = 0; path = "World Tracking.app"; sourceTree = BUILT_PRODUCTS_DIR; };
		D5710D781F73CE95003181BE /* AppDelegate.swift */ = {isa = PBXFileReference; lastKnownFileType = sourcecode.swift; path = AppDelegate.swift; sourceTree = "<group>"; };
		D5710D7A1F73CE95003181BE /* ViewController.swift */ = {isa = PBXFileReference; lastKnownFileType = sourcecode.swift; path = ViewController.swift; sourceTree = "<group>"; };
		D5710D7D1F73CE95003181BE /* Base */ = {isa = PBXFileReference; lastKnownFileType = file.storyboard; name = Base; path = Base.lproj/Main.storyboard; sourceTree = "<group>"; };
		D5710D7F1F73CE95003181BE /* Assets.xcassets */ = {isa = PBXFileReference; lastKnownFileType = folder.assetcatalog; path = Assets.xcassets; sourceTree = "<group>"; };
		D5710D821F73CE95003181BE /* Base */ = {isa = PBXFileReference; lastKnownFileType = file.storyboard; name = Base; path = Base.lproj/LaunchScreen.storyboard; sourceTree = "<group>"; };
		D5710D841F73CE95003181BE /* Info.plist */ = {isa = PBXFileReference; lastKnownFileType = text.plist.xml; path = Info.plist; sourceTree = "<group>"; };
		D5710D891F73CE95003181BE /* World TrackingTests.xctest */ = {isa = PBXFileReference; explicitFileType = wrapper.cfbundle; includeInIndex = 0; path = "World TrackingTests.xctest"; sourceTree = BUILT_PRODUCTS_DIR; };
		D5710D8D1F73CE95003181BE /* World_TrackingTests.swift */ = {isa = PBXFileReference; lastKnownFileType = sourcecode.swift; path = World_TrackingTests.swift; sourceTree = "<group>"; };
		D5710D8F1F73CE95003181BE /* Info.plist */ = {isa = PBXFileReference; lastKnownFileType = text.plist.xml; path = Info.plist; sourceTree = "<group>"; };
		D5710D941F73CE95003181BE /* World TrackingUITests.xctest */ = {isa = PBXFileReference; explicitFileType = wrapper.cfbundle; includeInIndex = 0; path = "World TrackingUITests.xctest"; sourceTree = BUILT_PRODUCTS_DIR; };
		D5710D981F73CE95003181BE /* World_TrackingUITests.swift */ = {isa = PBXFileReference; lastKnownFileType = sourcecode.swift; path = World_TrackingUITests.swift; sourceTree = "<group>"; };
		D5710D9A1F73CE95003181BE /* Info.plist */ = {isa = PBXFileReference; lastKnownFileType = text.plist.xml; path = Info.plist; sourceTree = "<group>"; };
/* End PBXFileReference section */

/* Begin PBXFrameworksBuildPhase section */
		D5710D721F73CE95003181BE /* Frameworks */ = {
			isa = PBXFrameworksBuildPhase;
			buildActionMask = 2147483647;
			files = (
			);
			runOnlyForDeploymentPostprocessing = 0;
		};
		D5710D861F73CE95003181BE /* Frameworks */ = {
			isa = PBXFrameworksBuildPhase;
			buildActionMask = 2147483647;
			files = (
			);
			runOnlyForDeploymentPostprocessing = 0;
		};
		D5710D911F73CE95003181BE /* Frameworks */ = {
			isa = PBXFrameworksBuildPhase;
			buildActionMask = 2147483647;
			files = (
			);
			runOnlyForDeploymentPostprocessing = 0;
		};
/* End PBXFrameworksBuildPhase section */

/* Begin PBXGroup section */
		D5710D6C1F73CE95003181BE = {
			isa = PBXGroup;
			children = (
				D5710D771F73CE95003181BE /* World Tracking */,
				D5710D8C1F73CE95003181BE /* World TrackingTests */,
				D5710D971F73CE95003181BE /* World TrackingUITests */,
				D5710D761F73CE95003181BE /* Products */,
			);
			sourceTree = "<group>";
		};
		D5710D761F73CE95003181BE /* Products */ = {
			isa = PBXGroup;
			children = (
				D5710D751F73CE95003181BE /* World Tracking.app */,
				D5710D891F73CE95003181BE /* World TrackingTests.xctest */,
				D5710D941F73CE95003181BE /* World TrackingUITests.xctest */,
			);
			name = Products;
			sourceTree = "<group>";
		};
		D5710D771F73CE95003181BE /* World Tracking */ = {
			isa = PBXGroup;
			children = (
				D5710D781F73CE95003181BE /* AppDelegate.swift */,
				D5710D7A1F73CE95003181BE /* ViewController.swift */,
				D5710D7C1F73CE95003181BE /* Main.storyboard */,
				D5710D7F1F73CE95003181BE /* Assets.xcassets */,
				D5710D811F73CE95003181BE /* LaunchScreen.storyboard */,
				D5710D841F73CE95003181BE /* Info.plist */,
			);
			path = "World Tracking";
			sourceTree = "<group>";
		};
		D5710D8C1F73CE95003181BE /* World TrackingTests */ = {
			isa = PBXGroup;
			children = (
				D5710D8D1F73CE95003181BE /* World_TrackingTests.swift */,
				D5710D8F1F73CE95003181BE /* Info.plist */,
			);
			path = "World TrackingTests";
			sourceTree = "<group>";
		};
		D5710D971F73CE95003181BE /* World TrackingUITests */ = {
			isa = PBXGroup;
			children = (
				D5710D981F73CE95003181BE /* World_TrackingUITests.swift */,
				D5710D9A1F73CE95003181BE /* Info.plist */,
			);
			path = "World TrackingUITests";
			sourceTree = "<group>";
		};
/* End PBXGroup section */

/* Begin PBXNativeTarget section */
		D5710D741F73CE95003181BE /* World Tracking */ = {
			isa = PBXNativeTarget;
			buildConfigurationList = D5710D9D1F73CE95003181BE /* Build configuration list for PBXNativeTarget "World Tracking" */;
			buildPhases = (
				D5710D711F73CE95003181BE /* Sources */,
				D5710D721F73CE95003181BE /* Frameworks */,
				D5710D731F73CE95003181BE /* Resources */,
			);
			buildRules = (
			);
			dependencies = (
			);
			name = "World Tracking";
			productName = "World Tracking";
			productReference = D5710D751F73CE95003181BE /* World Tracking.app */;
			productType = "com.apple.product-type.application";
		};
		D5710D881F73CE95003181BE /* World TrackingTests */ = {
			isa = PBXNativeTarget;
			buildConfigurationList = D5710DA01F73CE95003181BE /* Build configuration list for PBXNativeTarget "World TrackingTests" */;
			buildPhases = (
				D5710D851F73CE95003181BE /* Sources */,
				D5710D861F73CE95003181BE /* Frameworks */,
				D5710D871F73CE95003181BE /* Resources */,
			);
			buildRules = (
			);
			dependencies = (
				D5710D8B1F73CE95003181BE /* PBXTargetDependency */,
			);
			name = "World TrackingTests";
			productName = "World TrackingTests";
			productReference = D5710D891F73CE95003181BE /* World TrackingTests.xctest */;
			productType = "com.apple.product-type.bundle.unit-test";
		};
		D5710D931F73CE95003181BE /* World TrackingUITests */ = {
			isa = PBXNativeTarget;
			buildConfigurationList = D5710DA31F73CE95003181BE /* Build configuration list for PBXNativeTarget "World TrackingUITests" */;
			buildPhases = (
				D5710D901F73CE95003181BE /* Sources */,
				D5710D911F73CE95003181BE /* Frameworks */,
				D5710D921F73CE95003181BE /* Resources */,
			);
			buildRules = (
			);
			dependencies = (
				D5710D961F73CE95003181BE /* PBXTargetDependency */,
			);
			name = "World TrackingUITests";
			productName = "World TrackingUITests";
			productReference = D5710D941F73CE95003181BE /* World TrackingUITests.xctest */;
			productType = "com.apple.product-type.bundle.ui-testing";
		};
/* End PBXNativeTarget section */

/* Begin PBXProject section */
		D5710D6D1F73CE95003181BE /* Project object */ = {
			isa = PBXProject;
			attributes = {
				LastSwiftUpdateCheck = 0900;
				LastUpgradeCheck = 0900;
				ORGANIZATIONNAME = "Ivan Ken Tiu";
				TargetAttributes = {
					D5710D741F73CE95003181BE = {
						CreatedOnToolsVersion = 9.0;
						ProvisioningStyle = Automatic;
					};
					D5710D881F73CE95003181BE = {
						CreatedOnToolsVersion = 9.0;
						ProvisioningStyle = Automatic;
						TestTargetID = D5710D741F73CE95003181BE;
					};
					D5710D931F73CE95003181BE = {
						CreatedOnToolsVersion = 9.0;
						ProvisioningStyle = Automatic;
						TestTargetID = D5710D741F73CE95003181BE;
					};
				};
			};
			buildConfigurationList = D5710D701F73CE95003181BE /* Build configuration list for PBXProject "World Tracking" */;
			compatibilityVersion = "Xcode 8.0";
			developmentRegion = en;
			hasScannedForEncodings = 0;
			knownRegions = (
				en,
				Base,
			);
			mainGroup = D5710D6C1F73CE95003181BE;
			productRefGroup = D5710D761F73CE95003181BE /* Products */;
			projectDirPath = "";
			projectRoot = "";
			targets = (
				D5710D741F73CE95003181BE /* World Tracking */,
				D5710D881F73CE95003181BE /* World TrackingTests */,
				D5710D931F73CE95003181BE /* World TrackingUITests */,
			);
		};
/* End PBXProject section */

/* Begin PBXResourcesBuildPhase section */
		D5710D731F73CE95003181BE /* Resources */ = {
			isa = PBXResourcesBuildPhase;
			buildActionMask = 2147483647;
			files = (
				D5710D831F73CE95003181BE /* LaunchScreen.storyboard in Resources */,
				D5710D801F73CE95003181BE /* Assets.xcassets in Resources */,
				D5710D7E1F73CE95003181BE /* Main.storyboard in Resources */,
			);
			runOnlyForDeploymentPostprocessing = 0;
		};
		D5710D871F73CE95003181BE /* Resources */ = {
			isa = PBXResourcesBuildPhase;
			buildActionMask = 2147483647;
			files = (
			);
			runOnlyForDeploymentPostprocessing = 0;
		};
		D5710D921F73CE95003181BE /* Resources */ = {
			isa = PBXResourcesBuildPhase;
			buildActionMask = 2147483647;
			files = (
			);
			runOnlyForDeploymentPostprocessing = 0;
		};
/* End PBXResourcesBuildPhase section */

/* Begin PBXSourcesBuildPhase section */
		D5710D711F73CE95003181BE /* Sources */ = {
			isa = PBXSourcesBuildPhase;
			buildActionMask = 2147483647;
			files = (
				D5710D7B1F73CE95003181BE /* ViewController.swift in Sources */,
				D5710D791F73CE95003181BE /* AppDelegate.swift in Sources */,
			);
			runOnlyForDeploymentPostprocessing = 0;
		};
		D5710D851F73CE95003181BE /* Sources */ = {
			isa = PBXSourcesBuildPhase;
			buildActionMask = 2147483647;
			files = (
				D5710D8E1F73CE95003181BE /* World_TrackingTests.swift in Sources */,
			);
			runOnlyForDeploymentPostprocessing = 0;
		};
		D5710D901F73CE95003181BE /* Sources */ = {
			isa = PBXSourcesBuildPhase;
			buildActionMask = 2147483647;
			files = (
				D5710D991F73CE95003181BE /* World_TrackingUITests.swift in Sources */,
			);
			runOnlyForDeploymentPostprocessing = 0;
		};
/* End PBXSourcesBuildPhase section */

/* Begin PBXTargetDependency section */
		D5710D8B1F73CE95003181BE /* PBXTargetDependency */ = {
			isa = PBXTargetDependency;
			target = D5710D741F73CE95003181BE /* World Tracking */;
			targetProxy = D5710D8A1F73CE95003181BE /* PBXContainerItemProxy */;
		};
		D5710D961F73CE95003181BE /* PBXTargetDependency */ = {
			isa = PBXTargetDependency;
			target = D5710D741F73CE95003181BE /* World Tracking */;
			targetProxy = D5710D951F73CE95003181BE /* PBXContainerItemProxy */;
		};
/* End PBXTargetDependency section */

/* Begin PBXVariantGroup section */
		D5710D7C1F73CE95003181BE /* Main.storyboard */ = {
			isa = PBXVariantGroup;
			children = (
				D5710D7D1F73CE95003181BE /* Base */,
			);
			name = Main.storyboard;
			sourceTree = "<group>";
		};
		D5710D811F73CE95003181BE /* LaunchScreen.storyboard */ = {
			isa = PBXVariantGroup;
			children = (
				D5710D821F73CE95003181BE /* Base */,
			);
			name = LaunchScreen.storyboard;
			sourceTree = "<group>";
		};
/* End PBXVariantGroup section */

/* Begin XCBuildConfiguration section */
		D5710D9B1F73CE95003181BE /* Debug */ = {
			isa = XCBuildConfiguration;
			buildSettings = {
				ALWAYS_SEARCH_USER_PATHS = NO;
				CLANG_ANALYZER_NONNULL = YES;
				CLANG_ANALYZER_NUMBER_OBJECT_CONVERSION = YES_AGGRESSIVE;
				CLANG_CXX_LANGUAGE_STANDARD = "gnu++14";
				CLANG_CXX_LIBRARY = "libc++";
				CLANG_ENABLE_MODULES = YES;
				CLANG_ENABLE_OBJC_ARC = YES;
				CLANG_WARN_BLOCK_CAPTURE_AUTORELEASING = YES;
				CLANG_WARN_BOOL_CONVERSION = YES;
				CLANG_WARN_COMMA = YES;
				CLANG_WARN_CONSTANT_CONVERSION = YES;
				CLANG_WARN_DIRECT_OBJC_ISA_USAGE = YES_ERROR;
				CLANG_WARN_DOCUMENTATION_COMMENTS = YES;
				CLANG_WARN_EMPTY_BODY = YES;
				CLANG_WARN_ENUM_CONVERSION = YES;
				CLANG_WARN_INFINITE_RECURSION = YES;
				CLANG_WARN_INT_CONVERSION = YES;
				CLANG_WARN_NON_LITERAL_NULL_CONVERSION = YES;
				CLANG_WARN_OBJC_LITERAL_CONVERSION = YES;
				CLANG_WARN_OBJC_ROOT_CLASS = YES_ERROR;
				CLANG_WARN_RANGE_LOOP_ANALYSIS = YES;
				CLANG_WARN_STRICT_PROTOTYPES = YES;
				CLANG_WARN_SUSPICIOUS_MOVE = YES;
				CLANG_WARN_UNGUARDED_AVAILABILITY = YES_AGGRESSIVE;
				CLANG_WARN_UNREACHABLE_CODE = YES;
				CLANG_WARN__DUPLICATE_METHOD_MATCH = YES;
				CODE_SIGN_IDENTITY = "iPhone Developer";
				COPY_PHASE_STRIP = NO;
				DEBUG_INFORMATION_FORMAT = dwarf;
				ENABLE_STRICT_OBJC_MSGSEND = YES;
				ENABLE_TESTABILITY = YES;
				GCC_C_LANGUAGE_STANDARD = gnu11;
				GCC_DYNAMIC_NO_PIC = NO;
				GCC_NO_COMMON_BLOCKS = YES;
				GCC_OPTIMIZATION_LEVEL = 0;
				GCC_PREPROCESSOR_DEFINITIONS = (
					"DEBUG=1",
					"$(inherited)",
				);
				GCC_WARN_64_TO_32_BIT_CONVERSION = YES;
				GCC_WARN_ABOUT_RETURN_TYPE = YES_ERROR;
				GCC_WARN_UNDECLARED_SELECTOR = YES;
				GCC_WARN_UNINITIALIZED_AUTOS = YES_AGGRESSIVE;
				GCC_WARN_UNUSED_FUNCTION = YES;
				GCC_WARN_UNUSED_VARIABLE = YES;
				IPHONEOS_DEPLOYMENT_TARGET = 11.0;
				MTL_ENABLE_DEBUG_INFO = YES;
				ONLY_ACTIVE_ARCH = YES;
				SDKROOT = iphoneos;
				SWIFT_ACTIVE_COMPILATION_CONDITIONS = DEBUG;
				SWIFT_OPTIMIZATION_LEVEL = "-Onone";
			};
			name = Debug;
		};
		D5710D9C1F73CE95003181BE /* Release */ = {
			isa = XCBuildConfiguration;
			buildSettings = {
				ALWAYS_SEARCH_USER_PATHS = NO;
				CLANG_ANALYZER_NONNULL = YES;
				CLANG_ANALYZER_NUMBER_OBJECT_CONVERSION = YES_AGGRESSIVE;
				CLANG_CXX_LANGUAGE_STANDARD = "gnu++14";
				CLANG_CXX_LIBRARY = "libc++";
				CLANG_ENABLE_MODULES = YES;
				CLANG_ENABLE_OBJC_ARC = YES;
				CLANG_WARN_BLOCK_CAPTURE_AUTORELEASING = YES;
				CLANG_WARN_BOOL_CONVERSION = YES;
				CLANG_WARN_COMMA = YES;
				CLANG_WARN_CONSTANT_CONVERSION = YES;
				CLANG_WARN_DIRECT_OBJC_ISA_USAGE = YES_ERROR;
				CLANG_WARN_DOCUMENTATION_COMMENTS = YES;
				CLANG_WARN_EMPTY_BODY = YES;
				CLANG_WARN_ENUM_CONVERSION = YES;
				CLANG_WARN_INFINITE_RECURSION = YES;
				CLANG_WARN_INT_CONVERSION = YES;
				CLANG_WARN_NON_LITERAL_NULL_CONVERSION = YES;
				CLANG_WARN_OBJC_LITERAL_CONVERSION = YES;
				CLANG_WARN_OBJC_ROOT_CLASS = YES_ERROR;
				CLANG_WARN_RANGE_LOOP_ANALYSIS = YES;
				CLANG_WARN_STRICT_PROTOTYPES = YES;
				CLANG_WARN_SUSPICIOUS_MOVE = YES;
				CLANG_WARN_UNGUARDED_AVAILABILITY = YES_AGGRESSIVE;
				CLANG_WARN_UNREACHABLE_CODE = YES;
				CLANG_WARN__DUPLICATE_METHOD_MATCH = YES;
				CODE_SIGN_IDENTITY = "iPhone Developer";
				COPY_PHASE_STRIP = NO;
				DEBUG_INFORMATION_FORMAT = "dwarf-with-dsym";
				ENABLE_NS_ASSERTIONS = NO;
				ENABLE_STRICT_OBJC_MSGSEND = YES;
				GCC_C_LANGUAGE_STANDARD = gnu11;
				GCC_NO_COMMON_BLOCKS = YES;
				GCC_WARN_64_TO_32_BIT_CONVERSION = YES;
				GCC_WARN_ABOUT_RETURN_TYPE = YES_ERROR;
				GCC_WARN_UNDECLARED_SELECTOR = YES;
				GCC_WARN_UNINITIALIZED_AUTOS = YES_AGGRESSIVE;
				GCC_WARN_UNUSED_FUNCTION = YES;
				GCC_WARN_UNUSED_VARIABLE = YES;
				IPHONEOS_DEPLOYMENT_TARGET = 11.0;
				MTL_ENABLE_DEBUG_INFO = NO;
				SDKROOT = iphoneos;
				SWIFT_OPTIMIZATION_LEVEL = "-Owholemodule";
				VALIDATE_PRODUCT = YES;
			};
			name = Release;
		};
		D5710D9E1F73CE95003181BE /* Debug */ = {
			isa = XCBuildConfiguration;
			buildSettings = {
				ASSETCATALOG_COMPILER_APPICON_NAME = AppIcon;
				CODE_SIGN_STYLE = Automatic;
				DEVELOPMENT_TEAM = 59ACBTQ2AR;
				INFOPLIST_FILE = "World Tracking/Info.plist";
				LD_RUNPATH_SEARCH_PATHS = "$(inherited) @executable_path/Frameworks";
				PRODUCT_BUNDLE_IDENTIFIER = "Coolboys-Entertainment.World-Tracking";
				PRODUCT_NAME = "$(TARGET_NAME)";
				SWIFT_VERSION = 4.0;
				TARGETED_DEVICE_FAMILY = "1,2";
			};
			name = Debug;
		};
		D5710D9F1F73CE95003181BE /* Release */ = {
			isa = XCBuildConfiguration;
			buildSettings = {
				ASSETCATALOG_COMPILER_APPICON_NAME = AppIcon;
				CODE_SIGN_STYLE = Automatic;
				DEVELOPMENT_TEAM = 59ACBTQ2AR;
				INFOPLIST_FILE = "World Tracking/Info.plist";
				LD_RUNPATH_SEARCH_PATHS = "$(inherited) @executable_path/Frameworks";
				PRODUCT_BUNDLE_IDENTIFIER = "Coolboys-Entertainment.World-Tracking";
				PRODUCT_NAME = "$(TARGET_NAME)";
				SWIFT_VERSION = 4.0;
				TARGETED_DEVICE_FAMILY = "1,2";
			};
			name = Release;
		};
		D5710DA11F73CE95003181BE /* Debug */ = {
			isa = XCBuildConfiguration;
			buildSettings = {
				ALWAYS_EMBED_SWIFT_STANDARD_LIBRARIES = YES;
				BUNDLE_LOADER = "$(TEST_HOST)";
				CODE_SIGN_STYLE = Automatic;
				INFOPLIST_FILE = "World TrackingTests/Info.plist";
				LD_RUNPATH_SEARCH_PATHS = "$(inherited) @executable_path/Frameworks @loader_path/Frameworks";
				PRODUCT_BUNDLE_IDENTIFIER = "Coolboys-Entertainment.World-TrackingTests";
				PRODUCT_NAME = "$(TARGET_NAME)";
				SWIFT_VERSION = 4.0;
				TARGETED_DEVICE_FAMILY = "1,2";
				TEST_HOST = "$(BUILT_PRODUCTS_DIR)/World Tracking.app/World Tracking";
			};
			name = Debug;
		};
		D5710DA21F73CE95003181BE /* Release */ = {
			isa = XCBuildConfiguration;
			buildSettings = {
				ALWAYS_EMBED_SWIFT_STANDARD_LIBRARIES = YES;
				BUNDLE_LOADER = "$(TEST_HOST)";
				CODE_SIGN_STYLE = Automatic;
				INFOPLIST_FILE = "World TrackingTests/Info.plist";
				LD_RUNPATH_SEARCH_PATHS = "$(inherited) @executable_path/Frameworks @loader_path/Frameworks";
				PRODUCT_BUNDLE_IDENTIFIER = "Coolboys-Entertainment.World-TrackingTests";
				PRODUCT_NAME = "$(TARGET_NAME)";
				SWIFT_VERSION = 4.0;
				TARGETED_DEVICE_FAMILY = "1,2";
				TEST_HOST = "$(BUILT_PRODUCTS_DIR)/World Tracking.app/World Tracking";
			};
			name = Release;
		};
		D5710DA41F73CE95003181BE /* Debug */ = {
			isa = XCBuildConfiguration;
			buildSettings = {
				ALWAYS_EMBED_SWIFT_STANDARD_LIBRARIES = YES;
				CODE_SIGN_STYLE = Automatic;
				INFOPLIST_FILE = "World TrackingUITests/Info.plist";
				LD_RUNPATH_SEARCH_PATHS = "$(inherited) @executable_path/Frameworks @loader_path/Frameworks";
				PRODUCT_BUNDLE_IDENTIFIER = "Coolboys-Entertainment.World-TrackingUITests";
				PRODUCT_NAME = "$(TARGET_NAME)";
				SWIFT_VERSION = 4.0;
				TARGETED_DEVICE_FAMILY = "1,2";
				TEST_TARGET_NAME = "World Tracking";
			};
			name = Debug;
		};
		D5710DA51F73CE95003181BE /* Release */ = {
			isa = XCBuildConfiguration;
			buildSettings = {
				ALWAYS_EMBED_SWIFT_STANDARD_LIBRARIES = YES;
				CODE_SIGN_STYLE = Automatic;
				INFOPLIST_FILE = "World TrackingUITests/Info.plist";
				LD_RUNPATH_SEARCH_PATHS = "$(inherited) @executable_path/Frameworks @loader_path/Frameworks";
				PRODUCT_BUNDLE_IDENTIFIER = "Coolboys-Entertainment.World-TrackingUITests";
				PRODUCT_NAME = "$(TARGET_NAME)";
				SWIFT_VERSION = 4.0;
				TARGETED_DEVICE_FAMILY = "1,2";
				TEST_TARGET_NAME = "World Tracking";
			};
			name = Release;
		};
/* End XCBuildConfiguration section */

/* Begin XCConfigurationList section */
		D5710D701F73CE95003181BE /* Build configuration list for PBXProject "World Tracking" */ = {
			isa = XCConfigurationList;
			buildConfigurations = (
				D5710D9B1F73CE95003181BE /* Debug */,
				D5710D9C1F73CE95003181BE /* Release */,
			);
			defaultConfigurationIsVisible = 0;
			defaultConfigurationName = Release;
		};
		D5710D9D1F73CE95003181BE /* Build configuration list for PBXNativeTarget "World Tracking" */ = {
			isa = XCConfigurationList;
			buildConfigurations = (
				D5710D9E1F73CE95003181BE /* Debug */,
				D5710D9F1F73CE95003181BE /* Release */,
			);
			defaultConfigurationIsVisible = 0;
			defaultConfigurationName = Release;
		};
		D5710DA01F73CE95003181BE /* Build configuration list for PBXNativeTarget "World TrackingTests" */ = {
			isa = XCConfigurationList;
			buildConfigurations = (
				D5710DA11F73CE95003181BE /* Debug */,
				D5710DA21F73CE95003181BE /* Release */,
			);
			defaultConfigurationIsVisible = 0;
			defaultConfigurationName = Release;
		};
		D5710DA31F73CE95003181BE /* Build configuration list for PBXNativeTarget "World TrackingUITests" */ = {
			isa = XCConfigurationList;
			buildConfigurations = (
				D5710DA41F73CE95003181BE /* Debug */,
				D5710DA51F73CE95003181BE /* Release */,
			);
			defaultConfigurationIsVisible = 0;
			defaultConfigurationName = Release;
		};
/* End XCConfigurationList section */
	};
	rootObject = D5710D6D1F73CE95003181BE /* Project object */;
}
